PODS:
  - Alamofire (5.4.1)
  - DZNEmptyDataSet (1.8.1)
  - SwiftyJSON (5.0.0)

DEPENDENCIES:
  - Alamofire
  - DZNEmptyDataSet
  - SwiftyJSON

SPEC REPOS:
  trunk:
    - Alamofire
    - DZNEmptyDataSet
    - SwiftyJSON

SPEC CHECKSUMS:
  Alamofire: 2291f7d21ca607c491dd17642e5d40fdcda0e65c
  DZNEmptyDataSet: 9525833b9e68ac21c30253e1d3d7076cc828eaa7
  SwiftyJSON: 36413e04c44ee145039d332b4f4e2d3e8d6c4db7

PODFILE CHECKSUM: 7f88b9f4b622d789b1bb32d4c53ed65edbb7ad0e

COCOAPODS: 1.10.1
